
Microsoft Visual Studio Solution File, Format Version 12.00
# Visual Studio Version 16
VisualStudioVersion = 16.0.31005.135
MinimumVisualStudioVersion = 10.0.40219.1
Project("{FAE04EC0-301F-11D3-BF4B-00C04F79EFBC}") = "ProfileBook.Android", "ProfileBook\ProfileBook.Android\ProfileBook.Android.csproj", "{C03500E7-937E-4FD9-958D-C2A21A86F35B}"
EndProject
Project("{FAE04EC0-301F-11D3-BF4B-00C04F79EFBC}") = "ProfileBook", "ProfileBook\ProfileBook\ProfileBook.csproj", "{03AF3D08-030A-4DBA-B4AC-38375B44BEAB}"
EndProject
Global
	GlobalSection(SolutionConfigurationPlatforms) = preSolution
		Debug|Any CPU = Debug|Any CPU
		Release|Any CPU = Release|Any CPU
	EndGlobalSection
	GlobalSection(ProjectConfigurationPlatforms) = postSolution
		{C03500E7-937E-4FD9-958D-C2A21A86F35B}.Debug|Any CPU.ActiveCfg = Debug|Any CPU
		{C03500E7-937E-4FD9-958D-C2A21A86F35B}.Debug|Any CPU.Build.0 = Debug|Any CPU
		{C03500E7-937E-4FD9-958D-C2A21A86F35B}.Debug|Any CPU.Deploy.0 = Debug|Any CPU
		{C03500E7-937E-4FD9-958D-C2A21A86F35B}.Release|Any CPU.ActiveCfg = Release|Any CPU
		{C03500E7-937E-4FD9-958D-C2A21A86F35B}.Release|Any CPU.Build.0 = Release|Any CPU
		{C03500E7-937E-4FD9-958D-C2A21A86F35B}.Release|Any CPU.Deploy.0 = Release|Any CPU
		{03AF3D08-030A-4DBA-B4AC-38375B44BEAB}.Debug|Any CPU.ActiveCfg = Debug|Any CPU
		{03AF3D08-030A-4DBA-B4AC-38375B44BEAB}.Debug|Any CPU.Build.0 = Debug|Any CPU
		{03AF3D08-030A-4DBA-B4AC-38375B44BEAB}.Debug|Any CPU.Deploy.0 = Debug|Any CPU
		{03AF3D08-030A-4DBA-B4AC-38375B44BEAB}.Release|Any CPU.ActiveCfg = Release|Any CPU
		{03AF3D08-030A-4DBA-B4AC-38375B44BEAB}.Release|Any CPU.Build.0 = Release|Any CPU
		{03AF3D08-030A-4DBA-B4AC-38375B44BEAB}.Release|Any CPU.Deploy.0 = Release|Any CPU
	EndGlobalSection
	GlobalSection(SolutionProperties) = preSolution
		HideSolutionNode = FALSE
	EndGlobalSection
	GlobalSection(ExtensibilityGlobals) = postSolution
		SolutionGuid = {9813C6A5-ED34-4443-B378-BAEF805D73B6}
	EndGlobalSection
EndGlobal
